
Microsoft Visual Studio Solution File, Format Version 12.00
# Visual Studio Version 17
VisualStudioVersion = 17.5.002.0
MinimumVisualStudioVersion = 10.0.40219.1
Project("{2150E333-8FDC-42A3-9474-1A3956D46DE8}") = "Labfiles", "Labfiles", "{6D99E207-54DD-4FD0-B926-E9560FCC8AC2}"
EndProject
Project("{2150E333-8FDC-42A3-9474-1A3956D46DE8}") = "01-analyze-text", "01-analyze-text", "{02FE709B-EED3-4833-956E-63D7AA390A09}"
EndProject
Project("{2150E333-8FDC-42A3-9474-1A3956D46DE8}") = "C-Sharp", "C-Sharp", "{5924E580-AF7D-464A-B4DC-5FA2EF386D11}"
EndProject
Project("{9A19103F-16F7-4668-BE54-9A1E7A4F7556}") = "text-analysis", "Labfiles\01-analyze-text\C-Sharp\text-analysis\text-analysis.csproj", "{8083FAB7-519B-4BB9-9F51-B2B7D235B620}"
EndProject
Project("{2150E333-8FDC-42A3-9474-1A3956D46DE8}") = "02-qna", "02-qna", "{103227A1-45B6-4A41-A4DE-680D841B21D4}"
EndProject
Project("{2150E333-8FDC-42A3-9474-1A3956D46DE8}") = "C-Sharp", "C-Sharp", "{4D80BEB2-F2CB-4EDA-B834-49C6773CFC3A}"
EndProject
Project("{9A19103F-16F7-4668-BE54-9A1E7A4F7556}") = "qna-app", "Labfiles\02-qna\C-Sharp\qna-app\qna-app.csproj", "{62AF199E-9F73-4F4F-BC0D-675B3FC3854F}"
EndProject
Project("{2150E333-8FDC-42A3-9474-1A3956D46DE8}") = "03-language", "03-language", "{6B68FE13-609E-4A80-8CDA-7CDE04FE4920}"
EndProject
Project("{2150E333-8FDC-42A3-9474-1A3956D46DE8}") = "C-Sharp", "C-Sharp", "{50A3A97C-426E-4695-A24D-132051A12E88}"
EndProject
Project("{9A19103F-16F7-4668-BE54-9A1E7A4F7556}") = "clock_client", "Labfiles\03-language\C-Sharp\clock-client\clock_client.csproj", "{A4A2D6A4-998C-4DD2-BC80-5E51C1F1AE4D}"
EndProject
Project("{2150E333-8FDC-42A3-9474-1A3956D46DE8}") = "04-text-classification", "04-text-classification", "{45EF7B2A-059F-4E1F-8145-38A886CDFBBE}"
EndProject
Project("{2150E333-8FDC-42A3-9474-1A3956D46DE8}") = "C-Sharp", "C-Sharp", "{D55FBB88-37F0-4A8C-87E9-09BCC12C4202}"
EndProject
Project("{9A19103F-16F7-4668-BE54-9A1E7A4F7556}") = "classify-text", "Labfiles\04-text-classification\C-Sharp\classify-text\classify-text.csproj", "{7CC27FA7-ADCE-4242-93C4-A398E641D9FF}"
EndProject
Project("{2150E333-8FDC-42A3-9474-1A3956D46DE8}") = "05-custom-entity-recognition", "05-custom-entity-recognition", "{63571031-8705-4949-BD53-0CCF31CA39F0}"
EndProject
Project("{2150E333-8FDC-42A3-9474-1A3956D46DE8}") = "C-Sharp", "C-Sharp", "{6FC9FB28-7954-48C7-83FA-4590C249C91A}"
EndProject
Project("{9A19103F-16F7-4668-BE54-9A1E7A4F7556}") = "custom-entities", "Labfiles\05-custom-entity-recognition\C-Sharp\custom-entities\custom-entities.csproj", "{4B80EF34-2850-49DA-9AA9-0A894AB10B0B}"
EndProject
Project("{2150E333-8FDC-42A3-9474-1A3956D46DE8}") = "06-translate-text", "06-translate-text", "{DB5BDE35-E981-4155-ADCB-DD2CE6C76114}"
EndProject
Project("{2150E333-8FDC-42A3-9474-1A3956D46DE8}") = "C-Sharp", "C-Sharp", "{E15A051F-DF1E-44D5-894F-7C72DE2DA402}"
EndProject
Project("{9A19103F-16F7-4668-BE54-9A1E7A4F7556}") = "translate_text", "Labfiles\06-translate-text\C-Sharp\text-translation\translate_text.csproj", "{980DC4A4-D7DC-447C-9B6A-55B7A0BB5FFF}"
EndProject
Project("{2150E333-8FDC-42A3-9474-1A3956D46DE8}") = "06b-translator-sdk", "06b-translator-sdk", "{9292FC6D-1310-4416-8EE4-FD9AC9FE2211}"
EndProject
Project("{2150E333-8FDC-42A3-9474-1A3956D46DE8}") = "C-Sharp", "C-Sharp", "{2459B994-A50E-4C74-9D1A-5531C75229E1}"
EndProject
Project("{9A19103F-16F7-4668-BE54-9A1E7A4F7556}") = "translate_text", "Labfiles\06b-translator-sdk\C-Sharp\translate-text\translate_text.csproj", "{2FB7405F-C2BE-4A25-9D73-4564927D80EA}"
EndProject
Project("{2150E333-8FDC-42A3-9474-1A3956D46DE8}") = "07-speech", "07-speech", "{E6AB1F32-FDE0-46FA-9CC3-F37F3B8E38D3}"
EndProject
Project("{2150E333-8FDC-42A3-9474-1A3956D46DE8}") = "C-Sharp", "C-Sharp", "{D16507CA-2171-4DA6-97E2-524965DDE978}"
EndProject
Project("{9A19103F-16F7-4668-BE54-9A1E7A4F7556}") = "speaking-clock", "Labfiles\07-speech\C-Sharp\speaking-clock\speaking-clock.csproj", "{CEF48A0A-D91F-43C8-8612-3D7554A01050}"
EndProject
Project("{2150E333-8FDC-42A3-9474-1A3956D46DE8}") = "08-speech-translation", "08-speech-translation", "{A3A17B8F-8A5D-4F56-B8B0-EA02647CE0C7}"
EndProject
Project("{2150E333-8FDC-42A3-9474-1A3956D46DE8}") = "C-Sharp", "C-Sharp", "{3502BB70-EF20-49F0-AAA5-6B4D3D495F7A}"
EndProject
Project("{9A19103F-16F7-4668-BE54-9A1E7A4F7556}") = "translator", "Labfiles\08-speech-translation\C-Sharp\translator\translator.csproj", "{A2DF3734-4A22-4C39-AC4B-3A52BC840F7D}"
EndProject
Global
	GlobalSection(SolutionConfigurationPlatforms) = preSolution
		Debug|Any CPU = Debug|Any CPU
		Release|Any CPU = Release|Any CPU
	EndGlobalSection
	GlobalSection(ProjectConfigurationPlatforms) = postSolution
		{8083FAB7-519B-4BB9-9F51-B2B7D235B620}.Debug|Any CPU.ActiveCfg = Debug|Any CPU
		{8083FAB7-519B-4BB9-9F51-B2B7D235B620}.Debug|Any CPU.Build.0 = Debug|Any CPU
		{8083FAB7-519B-4BB9-9F51-B2B7D235B620}.Release|Any CPU.ActiveCfg = Release|Any CPU
		{8083FAB7-519B-4BB9-9F51-B2B7D235B620}.Release|Any CPU.Build.0 = Release|Any CPU
		{62AF199E-9F73-4F4F-BC0D-675B3FC3854F}.Debug|Any CPU.ActiveCfg = Debug|Any CPU
		{62AF199E-9F73-4F4F-BC0D-675B3FC3854F}.Debug|Any CPU.Build.0 = Debug|Any CPU
		{62AF199E-9F73-4F4F-BC0D-675B3FC3854F}.Release|Any CPU.ActiveCfg = Release|Any CPU
		{62AF199E-9F73-4F4F-BC0D-675B3FC3854F}.Release|Any CPU.Build.0 = Release|Any CPU
		{A4A2D6A4-998C-4DD2-BC80-5E51C1F1AE4D}.Debug|Any CPU.ActiveCfg = Debug|Any CPU
		{A4A2D6A4-998C-4DD2-BC80-5E51C1F1AE4D}.Debug|Any CPU.Build.0 = Debug|Any CPU
		{A4A2D6A4-998C-4DD2-BC80-5E51C1F1AE4D}.Release|Any CPU.ActiveCfg = Release|Any CPU
		{A4A2D6A4-998C-4DD2-BC80-5E51C1F1AE4D}.Release|Any CPU.Build.0 = Release|Any CPU
		{7CC27FA7-ADCE-4242-93C4-A398E641D9FF}.Debug|Any CPU.ActiveCfg = Debug|Any CPU
		{7CC27FA7-ADCE-4242-93C4-A398E641D9FF}.Debug|Any CPU.Build.0 = Debug|Any CPU
		{7CC27FA7-ADCE-4242-93C4-A398E641D9FF}.Release|Any CPU.ActiveCfg = Release|Any CPU
		{7CC27FA7-ADCE-4242-93C4-A398E641D9FF}.Release|Any CPU.Build.0 = Release|Any CPU
		{4B80EF34-2850-49DA-9AA9-0A894AB10B0B}.Debug|Any CPU.ActiveCfg = Debug|Any CPU
		{4B80EF34-2850-49DA-9AA9-0A894AB10B0B}.Debug|Any CPU.Build.0 = Debug|Any CPU
		{4B80EF34-2850-49DA-9AA9-0A894AB10B0B}.Release|Any CPU.ActiveCfg = Release|Any CPU
		{4B80EF34-2850-49DA-9AA9-0A894AB10B0B}.Release|Any CPU.Build.0 = Release|Any CPU
		{980DC4A4-D7DC-447C-9B6A-55B7A0BB5FFF}.Debug|Any CPU.ActiveCfg = Debug|Any CPU
		{980DC4A4-D7DC-447C-9B6A-55B7A0BB5FFF}.Debug|Any CPU.Build.0 = Debug|Any CPU
		{980DC4A4-D7DC-447C-9B6A-55B7A0BB5FFF}.Release|Any CPU.ActiveCfg = Release|Any CPU
		{980DC4A4-D7DC-447C-9B6A-55B7A0BB5FFF}.Release|Any CPU.Build.0 = Release|Any CPU
		{2FB7405F-C2BE-4A25-9D73-4564927D80EA}.Debug|Any CPU.ActiveCfg = Debug|Any CPU
		{2FB7405F-C2BE-4A25-9D73-4564927D80EA}.Debug|Any CPU.Build.0 = Debug|Any CPU
		{2FB7405F-C2BE-4A25-9D73-4564927D80EA}.Release|Any CPU.ActiveCfg = Release|Any CPU
		{2FB7405F-C2BE-4A25-9D73-4564927D80EA}.Release|Any CPU.Build.0 = Release|Any CPU
		{CEF48A0A-D91F-43C8-8612-3D7554A01050}.Debug|Any CPU.ActiveCfg = Debug|Any CPU
		{CEF48A0A-D91F-43C8-8612-3D7554A01050}.Debug|Any CPU.Build.0 = Debug|Any CPU
		{CEF48A0A-D91F-43C8-8612-3D7554A01050}.Release|Any CPU.ActiveCfg = Release|Any CPU
		{CEF48A0A-D91F-43C8-8612-3D7554A01050}.Release|Any CPU.Build.0 = Release|Any CPU
		{A2DF3734-4A22-4C39-AC4B-3A52BC840F7D}.Debug|Any CPU.ActiveCfg = Debug|Any CPU
		{A2DF3734-4A22-4C39-AC4B-3A52BC840F7D}.Debug|Any CPU.Build.0 = Debug|Any CPU
		{A2DF3734-4A22-4C39-AC4B-3A52BC840F7D}.Release|Any CPU.ActiveCfg = Release|Any CPU
		{A2DF3734-4A22-4C39-AC4B-3A52BC840F7D}.Release|Any CPU.Build.0 = Release|Any CPU
	EndGlobalSection
	GlobalSection(SolutionProperties) = preSolution
		HideSolutionNode = FALSE
	EndGlobalSection
	GlobalSection(NestedProjects) = preSolution
		{02FE709B-EED3-4833-956E-63D7AA390A09} = {6D99E207-54DD-4FD0-B926-E9560FCC8AC2}
		{5924E580-AF7D-464A-B4DC-5FA2EF386D11} = {02FE709B-EED3-4833-956E-63D7AA390A09}
		{8083FAB7-519B-4BB9-9F51-B2B7D235B620} = {5924E580-AF7D-464A-B4DC-5FA2EF386D11}
		{103227A1-45B6-4A41-A4DE-680D841B21D4} = {6D99E207-54DD-4FD0-B926-E9560FCC8AC2}
		{4D80BEB2-F2CB-4EDA-B834-49C6773CFC3A} = {103227A1-45B6-4A41-A4DE-680D841B21D4}
		{62AF199E-9F73-4F4F-BC0D-675B3FC3854F} = {4D80BEB2-F2CB-4EDA-B834-49C6773CFC3A}
		{6B68FE13-609E-4A80-8CDA-7CDE04FE4920} = {6D99E207-54DD-4FD0-B926-E9560FCC8AC2}
		{50A3A97C-426E-4695-A24D-132051A12E88} = {6B68FE13-609E-4A80-8CDA-7CDE04FE4920}
		{A4A2D6A4-998C-4DD2-BC80-5E51C1F1AE4D} = {50A3A97C-426E-4695-A24D-132051A12E88}
		{45EF7B2A-059F-4E1F-8145-38A886CDFBBE} = {6D99E207-54DD-4FD0-B926-E9560FCC8AC2}
		{D55FBB88-37F0-4A8C-87E9-09BCC12C4202} = {45EF7B2A-059F-4E1F-8145-38A886CDFBBE}
		{7CC27FA7-ADCE-4242-93C4-A398E641D9FF} = {D55FBB88-37F0-4A8C-87E9-09BCC12C4202}
		{63571031-8705-4949-BD53-0CCF31CA39F0} = {6D99E207-54DD-4FD0-B926-E9560FCC8AC2}
		{6FC9FB28-7954-48C7-83FA-4590C249C91A} = {63571031-8705-4949-BD53-0CCF31CA39F0}
		{4B80EF34-2850-49DA-9AA9-0A894AB10B0B} = {6FC9FB28-7954-48C7-83FA-4590C249C91A}
		{DB5BDE35-E981-4155-ADCB-DD2CE6C76114} = {6D99E207-54DD-4FD0-B926-E9560FCC8AC2}
		{E15A051F-DF1E-44D5-894F-7C72DE2DA402} = {DB5BDE35-E981-4155-ADCB-DD2CE6C76114}
		{980DC4A4-D7DC-447C-9B6A-55B7A0BB5FFF} = {E15A051F-DF1E-44D5-894F-7C72DE2DA402}
		{9292FC6D-1310-4416-8EE4-FD9AC9FE2211} = {6D99E207-54DD-4FD0-B926-E9560FCC8AC2}
		{2459B994-A50E-4C74-9D1A-5531C75229E1} = {9292FC6D-1310-4416-8EE4-FD9AC9FE2211}
		{2FB7405F-C2BE-4A25-9D73-4564927D80EA} = {2459B994-A50E-4C74-9D1A-5531C75229E1}
		{E6AB1F32-FDE0-46FA-9CC3-F37F3B8E38D3} = {6D99E207-54DD-4FD0-B926-E9560FCC8AC2}
		{D16507CA-2171-4DA6-97E2-524965DDE978} = {E6AB1F32-FDE0-46FA-9CC3-F37F3B8E38D3}
		{CEF48A0A-D91F-43C8-8612-3D7554A01050} = {D16507CA-2171-4DA6-97E2-524965DDE978}
		{A3A17B8F-8A5D-4F56-B8B0-EA02647CE0C7} = {6D99E207-54DD-4FD0-B926-E9560FCC8AC2}
		{3502BB70-EF20-49F0-AAA5-6B4D3D495F7A} = {A3A17B8F-8A5D-4F56-B8B0-EA02647CE0C7}
		{A2DF3734-4A22-4C39-AC4B-3A52BC840F7D} = {3502BB70-EF20-49F0-AAA5-6B4D3D495F7A}
	EndGlobalSection
	GlobalSection(ExtensibilityGlobals) = postSolution
		SolutionGuid = {DEC73C6F-4858-4506-9CEE-228E878A10A4}
	EndGlobalSection
EndGlobal
